
Microsoft Visual Studio Solution File, Format Version 12.00
# Visual Studio Version 16
VisualStudioVersion = 16.0.30503.244
MinimumVisualStudioVersion = 10.0.40219.1
Project("{FAE04EC0-301F-11D3-BF4B-00C04F79EFBC}") = "Shootgame", "Shootgame\Shootgame.csproj", "{BF1774DC-2622-4E8F-8E95-114F60990EA8}"
EndProject
Project("{FAE04EC0-301F-11D3-BF4B-00C04F79EFBC}") = "UnitTestProject1", "UnitTestProject1\UnitTestProject1.csproj", "{C9CAF946-00E1-4AD4-8482-15A48DA294EF}"
EndProject
Global
	GlobalSection(SolutionConfigurationPlatforms) = preSolution
		Debug|Any CPU = Debug|Any CPU
		Release|Any CPU = Release|Any CPU
	EndGlobalSection
	GlobalSection(ProjectConfigurationPlatforms) = postSolution
		{BF1774DC-2622-4E8F-8E95-114F60990EA8}.Debug|Any CPU.ActiveCfg = Debug|Any CPU
		{BF1774DC-2622-4E8F-8E95-114F60990EA8}.Debug|Any CPU.Build.0 = Debug|Any CPU
		{BF1774DC-2622-4E8F-8E95-114F60990EA8}.Release|Any CPU.ActiveCfg = Release|Any CPU
		{BF1774DC-2622-4E8F-8E95-114F60990EA8}.Release|Any CPU.Build.0 = Release|Any CPU
		{C9CAF946-00E1-4AD4-8482-15A48DA294EF}.Debug|Any CPU.ActiveCfg = Debug|Any CPU
		{C9CAF946-00E1-4AD4-8482-15A48DA294EF}.Debug|Any CPU.Build.0 = Debug|Any CPU
		{C9CAF946-00E1-4AD4-8482-15A48DA294EF}.Release|Any CPU.ActiveCfg = Release|Any CPU
		{C9CAF946-00E1-4AD4-8482-15A48DA294EF}.Release|Any CPU.Build.0 = Release|Any CPU
	EndGlobalSection
	GlobalSection(SolutionProperties) = preSolution
		HideSolutionNode = FALSE
	EndGlobalSection
	GlobalSection(ExtensibilityGlobals) = postSolution
		SolutionGuid = {B3237F83-F31B-4408-ADA2-30326BB17708}
	EndGlobalSection
EndGlobal
